// !$*UTF8*$!
{
	archiveVersion = 1;
	classes = {
	};
	objectVersion = 50;
	objects = {

/* Begin PBXBuildFile section */
		B147087724CF9BA70016A684 /* AppDelegate.swift in Sources */ = {isa = PBXBuildFile; fileRef = B147087624CF9BA70016A684 /* AppDelegate.swift */; };
		B147087924CF9BA70016A684 /* SceneDelegate.swift in Sources */ = {isa = PBXBuildFile; fileRef = B147087824CF9BA70016A684 /* SceneDelegate.swift */; };
		B147087B24CF9BA70016A684 /* ViewController.swift in Sources */ = {isa = PBXBuildFile; fileRef = B147087A24CF9BA70016A684 /* ViewController.swift */; };
		B147087E24CF9BA70016A684 /* Main.storyboard in Resources */ = {isa = PBXBuildFile; fileRef = B147087C24CF9BA70016A684 /* Main.storyboard */; };
		B147088024CF9BA80016A684 /* Assets.xcassets in Resources */ = {isa = PBXBuildFile; fileRef = B147087F24CF9BA80016A684 /* Assets.xcassets */; };
		B147088324CF9BA80016A684 /* LaunchScreen.storyboard in Resources */ = {isa = PBXBuildFile; fileRef = B147088124CF9BA80016A684 /* LaunchScreen.storyboard */; };
/* End PBXBuildFile section */

/* Begin PBXFileReference section */
		B147087324CF9BA70016A684 /* Shape Maker.app */ = {isa = PBXFileReference; explicitFileType = wrapper.application; includeInIndex = 0; path = "Shape Maker.app"; sourceTree = BUILT_PRODUCTS_DIR; };
		B147087624CF9BA70016A684 /* AppDelegate.swift */ = {isa = PBXFileReference; lastKnownFileType = sourcecode.swift; path = AppDelegate.swift; sourceTree = "<group>"; };
		B147087824CF9BA70016A684 /* SceneDelegate.swift */ = {isa = PBXFileReference; lastKnownFileType = sourcecode.swift; path = SceneDelegate.swift; sourceTree = "<group>"; };
		B147087A24CF9BA70016A684 /* ViewController.swift */ = {isa = PBXFileReference; lastKnownFileType = sourcecode.swift; path = ViewController.swift; sourceTree = "<group>"; };
		B147087D24CF9BA70016A684 /* Base */ = {isa = PBXFileReference; lastKnownFileType = file.storyboard; name = Base; path = Base.lproj/Main.storyboard; sourceTree = "<group>"; };
		B147087F24CF9BA80016A684 /* Assets.xcassets */ = {isa = PBXFileReference; lastKnownFileType = folder.assetcatalog; path = Assets.xcassets; sourceTree = "<group>"; };
		B147088224CF9BA80016A684 /* Base */ = {isa = PBXFileReference; lastKnownFileType = file.storyboard; name = Base; path = Base.lproj/LaunchScreen.storyboard; sourceTree = "<group>"; };
		B147088424CF9BA80016A684 /* Info.plist */ = {isa = PBXFileReference; lastKnownFileType = text.plist.xml; path = Info.plist; sourceTree = "<group>"; };
/* End PBXFileReference section */

/* Begin PBXFrameworksBuildPhase section */
		B147087024CF9BA70016A684 /* Frameworks */ = {
			isa = PBXFrameworksBuildPhase;
			buildActionMask = 2147483647;
			files = (
			);
			runOnlyForDeploymentPostprocessing = 0;
		};
/* End PBXFrameworksBuildPhase section */

/* Begin PBXGroup section */
		B147086A24CF9BA70016A684 = {
			isa = PBXGroup;
			children = (
				B147087524CF9BA70016A684 /* Shape Maker */,
				B147087424CF9BA70016A684 /* Products */,
			);
			sourceTree = "<group>";
		};
		B147087424CF9BA70016A684 /* Products */ = {
			isa = PBXGroup;
			children = (
				B147087324CF9BA70016A684 /* Shape Maker.app */,
			);
			name = Products;
			sourceTree = "<group>";
		};
		B147087524CF9BA70016A684 /* Shape Maker */ = {
			isa = PBXGroup;
			children = (
				B147087624CF9BA70016A684 /* AppDelegate.swift */,
				B147087824CF9BA70016A684 /* SceneDelegate.swift */,
				B147087A24CF9BA70016A684 /* ViewController.swift */,
				B147087C24CF9BA70016A684 /* Main.storyboard */,
				B147087F24CF9BA80016A684 /* Assets.xcassets */,
				B147088124CF9BA80016A684 /* LaunchScreen.storyboard */,
				B147088424CF9BA80016A684 /* Info.plist */,
			);
			path = "Shape Maker";
			sourceTree = "<group>";
		};
/* End PBXGroup section */

/* Begin PBXNativeTarget section */
		B147087224CF9BA70016A684 /* Shape Maker */ = {
			isa = PBXNativeTarget;
			buildConfigurationList = B147088724CF9BA80016A684 /* Build configuration list for PBXNativeTarget "Shape Maker" */;
			buildPhases = (
				B147086F24CF9BA70016A684 /* Sources */,
				B147087024CF9BA70016A684 /* Frameworks */,
				B147087124CF9BA70016A684 /* Resources */,
			);
			buildRules = (
			);
			dependencies = (
			);
			name = "Shape Maker";
			productName = "Shape Maker";
			productReference = B147087324CF9BA70016A684 /* Shape Maker.app */;
			productType = "com.apple.product-type.application";
		};
/* End PBXNativeTarget section */

/* Begin PBXProject section */
		B147086B24CF9BA70016A684 /* Project object */ = {
			isa = PBXProject;
			attributes = {
				LastSwiftUpdateCheck = 1160;
				LastUpgradeCheck = 1160;
				ORGANIZATIONNAME = "Hector Barrios";
				TargetAttributes = {
					B147087224CF9BA70016A684 = {
						CreatedOnToolsVersion = 11.6;
					};
				};
			};
			buildConfigurationList = B147086E24CF9BA70016A684 /* Build configuration list for PBXProject "Shape Maker" */;
			compatibilityVersion = "Xcode 9.3";
			developmentRegion = en;
			hasScannedForEncodings = 0;
			knownRegions = (
				en,
				Base,
			);
			mainGroup = B147086A24CF9BA70016A684;
			productRefGroup = B147087424CF9BA70016A684 /* Products */;
			projectDirPath = "";
			projectRoot = "";
			targets = (
				B147087224CF9BA70016A684 /* Shape Maker */,
			);
		};
/* End PBXProject section */

/* Begin PBXResourcesBuildPhase section */
		B147087124CF9BA70016A684 /* Resources */ = {
			isa = PBXResourcesBuildPhase;
			buildActionMask = 2147483647;
			files = (
				B147088324CF9BA80016A684 /* LaunchScreen.storyboard in Resources */,
				B147088024CF9BA80016A684 /* Assets.xcassets in Resources */,
				B147087E24CF9BA70016A684 /* Main.storyboard in Resources */,
			);
			runOnlyForDeploymentPostprocessing = 0;
		};
/* End PBXResourcesBuildPhase section */

/* Begin PBXSourcesBuildPhase section */
		B147086F24CF9BA70016A684 /* Sources */ = {
			isa = PBXSourcesBuildPhase;
			buildActionMask = 2147483647;
			files = (
				B147087B24CF9BA70016A684 /* ViewController.swift in Sources */,
				B147087724CF9BA70016A684 /* AppDelegate.swift in Sources */,
				B147087924CF9BA70016A684 /* SceneDelegate.swift in Sources */,
			);
			runOnlyForDeploymentPostprocessing = 0;
		};
/* End PBXSourcesBuildPhase section */

/* Begin PBXVariantGroup section */
		B147087C24CF9BA70016A684 /* Main.storyboard */ = {
			isa = PBXVariantGroup;
			children = (
				B147087D24CF9BA70016A684 /* Base */,
			);
			name = Main.storyboard;
			sourceTree = "<group>";
		};
		B147088124CF9BA80016A684 /* LaunchScreen.storyboard */ = {
			isa = PBXVariantGroup;
			children = (
				B147088224CF9BA80016A684 /* Base */,
			);
			name = LaunchScreen.storyboard;
			sourceTree = "<group>";
		};
/* End PBXVariantGroup section */

/* Begin XCBuildConfiguration section */
		B147088524CF9BA80016A684 /* Debug */ = {
			isa = XCBuildConfiguration;
			buildSettings = {
				ALWAYS_SEARCH_USER_PATHS = NO;
				CLANG_ANALYZER_NONNULL = YES;
				CLANG_ANALYZER_NUMBER_OBJECT_CONVERSION = YES_AGGRESSIVE;
				CLANG_CXX_LANGUAGE_STANDARD = "gnu++14";
				CLANG_CXX_LIBRARY = "libc++";
				CLANG_ENABLE_MODULES = YES;
				CLANG_ENABLE_OBJC_ARC = YES;
				CLANG_ENABLE_OBJC_WEAK = YES;
				CLANG_WARN_BLOCK_CAPTURE_AUTORELEASING = YES;
				CLANG_WARN_BOOL_CONVERSION = YES;
				CLANG_WARN_COMMA = YES;
				CLANG_WARN_CONSTANT_CONVERSION = YES;
				CLANG_WARN_DEPRECATED_OBJC_IMPLEMENTATIONS = YES;
				CLANG_WARN_DIRECT_OBJC_ISA_USAGE = YES_ERROR;
				CLANG_WARN_DOCUMENTATION_COMMENTS = YES;
				CLANG_WARN_EMPTY_BODY = YES;
				CLANG_WARN_ENUM_CONVERSION = YES;
				CLANG_WARN_INFINITE_RECURSION = YES;
				CLANG_WARN_INT_CONVERSION = YES;
				CLANG_WARN_NON_LITERAL_NULL_CONVERSION = YES;
				CLANG_WARN_OBJC_IMPLICIT_RETAIN_SELF = YES;
				CLANG_WARN_OBJC_LITERAL_CONVERSION = YES;
				CLANG_WARN_OBJC_ROOT_CLASS = YES_ERROR;
				CLANG_WARN_RANGE_LOOP_ANALYSIS = YES;
				CLANG_WARN_STRICT_PROTOTYPES = YES;
				CLANG_WARN_SUSPICIOUS_MOVE = YES;
				CLANG_WARN_UNGUARDED_AVAILABILITY = YES_AGGRESSIVE;
				CLANG_WARN_UNREACHABLE_CODE = YES;
				CLANG_WARN__DUPLICATE_METHOD_MATCH = YES;
				COPY_PHASE_STRIP = NO;
				DEBUG_INFORMATION_FORMAT = dwarf;
				ENABLE_STRICT_OBJC_MSGSEND = YES;
				ENABLE_TESTABILITY = YES;
				GCC_C_LANGUAGE_STANDARD = gnu11;
				GCC_DYNAMIC_NO_PIC = NO;
				GCC_NO_COMMON_BLOCKS = YES;
				GCC_OPTIMIZATION_LEVEL = 0;
				GCC_PREPROCESSOR_DEFINITIONS = (
					"DEBUG=1",
					"$(inherited)",
				);
				GCC_WARN_64_TO_32_BIT_CONVERSION = YES;
				GCC_WARN_ABOUT_RETURN_TYPE = YES_ERROR;
				GCC_WARN_UNDECLARED_SELECTOR = YES;
				GCC_WARN_UNINITIALIZED_AUTOS = YES_AGGRESSIVE;
				GCC_WARN_UNUSED_FUNCTION = YES;
				GCC_WARN_UNUSED_VARIABLE = YES;
				IPHONEOS_DEPLOYMENT_TARGET = 13.6;
				MTL_ENABLE_DEBUG_INFO = INCLUDE_SOURCE;
				MTL_FAST_MATH = YES;
				ONLY_ACTIVE_ARCH = YES;
				SDKROOT = iphoneos;
				SWIFT_ACTIVE_COMPILATION_CONDITIONS = DEBUG;
				SWIFT_OPTIMIZATION_LEVEL = "-Onone";
			};
			name = Debug;
		};
		B147088624CF9BA80016A684 /* Release */ = {
			isa = XCBuildConfiguration;
			buildSettings = {
				ALWAYS_SEARCH_USER_PATHS = NO;
				CLANG_ANALYZER_NONNULL = YES;
				CLANG_ANALYZER_NUMBER_OBJECT_CONVERSION = YES_AGGRESSIVE;
				CLANG_CXX_LANGUAGE_STANDARD = "gnu++14";
				CLANG_CXX_LIBRARY = "libc++";
				CLANG_ENABLE_MODULES = YES;
				CLANG_ENABLE_OBJC_ARC = YES;
				CLANG_ENABLE_OBJC_WEAK = YES;
				CLANG_WARN_BLOCK_CAPTURE_AUTORELEASING = YES;
				CLANG_WARN_BOOL_CONVERSION = YES;
				CLANG_WARN_COMMA = YES;
				CLANG_WARN_CONSTANT_CONVERSION = YES;
				CLANG_WARN_DEPRECATED_OBJC_IMPLEMENTATIONS = YES;
				CLANG_WARN_DIRECT_OBJC_ISA_USAGE = YES_ERROR;
				CLANG_WARN_DOCUMENTATION_COMMENTS = YES;
				CLANG_WARN_EMPTY_BODY = YES;
				CLANG_WARN_ENUM_CONVERSION = YES;
				CLANG_WARN_INFINITE_RECURSION = YES;
				CLANG_WARN_INT_CONVERSION = YES;
				CLANG_WARN_NON_LITERAL_NULL_CONVERSION = YES;
				CLANG_WARN_OBJC_IMPLICIT_RETAIN_SELF = YES;
				CLANG_WARN_OBJC_LITERAL_CONVERSION = YES;
				CLANG_WARN_OBJC_ROOT_CLASS = YES_ERROR;
				CLANG_WARN_RANGE_LOOP_ANALYSIS = YES;
				CLANG_WARN_STRICT_PROTOTYPES = YES;
				CLANG_WARN_SUSPICIOUS_MOVE = YES;
				CLANG_WARN_UNGUARDED_AVAILABILITY = YES_AGGRESSIVE;
				CLANG_WARN_UNREACHABLE_CODE = YES;
				CLANG_WARN__DUPLICATE_METHOD_MATCH = YES;
				COPY_PHASE_STRIP = NO;
				DEBUG_INFORMATION_FORMAT = "dwarf-with-dsym";
				ENABLE_NS_ASSERTIONS = NO;
				ENABLE_STRICT_OBJC_MSGSEND = YES;
				GCC_C_LANGUAGE_STANDARD = gnu11;
				GCC_NO_COMMON_BLOCKS = YES;
				GCC_WARN_64_TO_32_BIT_CONVERSION = YES;
				GCC_WARN_ABOUT_RETURN_TYPE = YES_ERROR;
				GCC_WARN_UNDECLARED_SELECTOR = YES;
				GCC_WARN_UNINITIALIZED_AUTOS = YES_AGGRESSIVE;
				GCC_WARN_UNUSED_FUNCTION = YES;
				GCC_WARN_UNUSED_VARIABLE = YES;
				IPHONEOS_DEPLOYMENT_TARGET = 13.6;
				MTL_ENABLE_DEBUG_INFO = NO;
				MTL_FAST_MATH = YES;
				SDKROOT = iphoneos;
				SWIFT_COMPILATION_MODE = wholemodule;
				SWIFT_OPTIMIZATION_LEVEL = "-O";
				VALIDATE_PRODUCT = YES;
			};
			name = Release;
		};
		B147088824CF9BA80016A684 /* Debug */ = {
			isa = XCBuildConfiguration;
			buildSettings = {
				ASSETCATALOG_COMPILER_APPICON_NAME = AppIcon;
				CODE_SIGN_STYLE = Automatic;
				DEVELOPMENT_TEAM = XDDT3R5V4L;
				INFOPLIST_FILE = "Shape Maker/Info.plist";
				LD_RUNPATH_SEARCH_PATHS = (
					"$(inherited)",
					"@executable_path/Frameworks",
				);
				PRODUCT_BUNDLE_IDENTIFIER = "com.barrios.Shape-Maker";
				PRODUCT_NAME = "$(TARGET_NAME)";
				SWIFT_VERSION = 5.0;
				TARGETED_DEVICE_FAMILY = "1,2";
			};
			name = Debug;
		};
		B147088924CF9BA80016A684 /* Release */ = {
			isa = XCBuildConfiguration;
			buildSettings = {
				ASSETCATALOG_COMPILER_APPICON_NAME = AppIcon;
				CODE_SIGN_STYLE = Automatic;
				DEVELOPMENT_TEAM = XDDT3R5V4L;
				INFOPLIST_FILE = "Shape Maker/Info.plist";
				LD_RUNPATH_SEARCH_PATHS = (
					"$(inherited)",
					"@executable_path/Frameworks",
				);
				PRODUCT_BUNDLE_IDENTIFIER = "com.barrios.Shape-Maker";
				PRODUCT_NAME = "$(TARGET_NAME)";
				SWIFT_VERSION = 5.0;
				TARGETED_DEVICE_FAMILY = "1,2";
			};
			name = Release;
		};
/* End XCBuildConfiguration section */

/* Begin XCConfigurationList section */
		B147086E24CF9BA70016A684 /* Build configuration list for PBXProject "Shape Maker" */ = {
			isa = XCConfigurationList;
			buildConfigurations = (
				B147088524CF9BA80016A684 /* Debug */,
				B147088624CF9BA80016A684 /* Release */,
			);
			defaultConfigurationIsVisible = 0;
			defaultConfigurationName = Release;
		};
		B147088724CF9BA80016A684 /* Build configuration list for PBXNativeTarget "Shape Maker" */ = {
			isa = XCConfigurationList;
			buildConfigurations = (
				B147088824CF9BA80016A684 /* Debug */,
				B147088924CF9BA80016A684 /* Release */,
			);
			defaultConfigurationIsVisible = 0;
			defaultConfigurationName = Release;
		};
/* End XCConfigurationList section */
	};
	rootObject = B147086B24CF9BA70016A684 /* Project object */;
}
